
Microsoft Visual Studio Solution File, Format Version 12.00
# Visual Studio Version 16
VisualStudioVersion = 16.0.31402.337
MinimumVisualStudioVersion = 10.0.40219.1
Project("{FAE04EC0-301F-11D3-BF4B-00C04F79EFBC}") = "udclassProceduralProgramming", "udclassProceduralProgramming.csproj", "{15A9D130-979A-4E5C-88AB-2193B909E70F}"
EndProject
Global
	GlobalSection(SolutionConfigurationPlatforms) = preSolution
		Debug|Any CPU = Debug|Any CPU
		Release|Any CPU = Release|Any CPU
	EndGlobalSection
	GlobalSection(ProjectConfigurationPlatforms) = postSolution
		{15A9D130-979A-4E5C-88AB-2193B909E70F}.Debug|Any CPU.ActiveCfg = Debug|Any CPU
		{15A9D130-979A-4E5C-88AB-2193B909E70F}.Debug|Any CPU.Build.0 = Debug|Any CPU
		{15A9D130-979A-4E5C-88AB-2193B909E70F}.Release|Any CPU.ActiveCfg = Release|Any CPU
		{15A9D130-979A-4E5C-88AB-2193B909E70F}.Release|Any CPU.Build.0 = Release|Any CPU
	EndGlobalSection
	GlobalSection(SolutionProperties) = preSolution
		HideSolutionNode = FALSE
	EndGlobalSection
	GlobalSection(ExtensibilityGlobals) = postSolution
		SolutionGuid = {A35C9BEC-A12C-4A6F-8F6F-2294E3FE497E}
	EndGlobalSection
EndGlobal
