
Microsoft Visual Studio Solution File, Format Version 12.00
# Visual Studio Version 16
VisualStudioVersion = 16.0.31105.61
MinimumVisualStudioVersion = 10.0.40219.1
Project("{FAE04EC0-301F-11D3-BF4B-00C04F79EFBC}") = "planb", "planb\planb.csproj", "{F3B03817-193D-4295-8CB3-E20880BD76D7}"
EndProject
Global
	GlobalSection(SolutionConfigurationPlatforms) = preSolution
		Debug|Any CPU = Debug|Any CPU
		Release|Any CPU = Release|Any CPU
	EndGlobalSection
	GlobalSection(ProjectConfigurationPlatforms) = postSolution
		{F3B03817-193D-4295-8CB3-E20880BD76D7}.Debug|Any CPU.ActiveCfg = Debug|Any CPU
		{F3B03817-193D-4295-8CB3-E20880BD76D7}.Debug|Any CPU.Build.0 = Debug|Any CPU
		{F3B03817-193D-4295-8CB3-E20880BD76D7}.Release|Any CPU.ActiveCfg = Release|Any CPU
		{F3B03817-193D-4295-8CB3-E20880BD76D7}.Release|Any CPU.Build.0 = Release|Any CPU
	EndGlobalSection
	GlobalSection(SolutionProperties) = preSolution
		HideSolutionNode = FALSE
	EndGlobalSection
	GlobalSection(ExtensibilityGlobals) = postSolution
		SolutionGuid = {A4EB54D0-B24F-4925-A003-38F334A40DFB}
	EndGlobalSection
EndGlobal
