
Microsoft Visual Studio Solution File, Format Version 12.00
# Visual Studio Version 16
VisualStudioVersion = 16.0.31105.61
MinimumVisualStudioVersion = 10.0.40219.1
Project("{FAE04EC0-301F-11D3-BF4B-00C04F79EFBC}") = "staticCon", "staticCon\staticCon.csproj", "{D7287A20-B410-4C26-B715-12300E987430}"
EndProject
Global
	GlobalSection(SolutionConfigurationPlatforms) = preSolution
		Debug|Any CPU = Debug|Any CPU
		Release|Any CPU = Release|Any CPU
	EndGlobalSection
	GlobalSection(ProjectConfigurationPlatforms) = postSolution
		{D7287A20-B410-4C26-B715-12300E987430}.Debug|Any CPU.ActiveCfg = Debug|Any CPU
		{D7287A20-B410-4C26-B715-12300E987430}.Debug|Any CPU.Build.0 = Debug|Any CPU
		{D7287A20-B410-4C26-B715-12300E987430}.Release|Any CPU.ActiveCfg = Release|Any CPU
		{D7287A20-B410-4C26-B715-12300E987430}.Release|Any CPU.Build.0 = Release|Any CPU
	EndGlobalSection
	GlobalSection(SolutionProperties) = preSolution
		HideSolutionNode = FALSE
	EndGlobalSection
	GlobalSection(ExtensibilityGlobals) = postSolution
		SolutionGuid = {D03D2C75-3242-47EA-B8EA-05160D90F9F2}
	EndGlobalSection
EndGlobal
