
Microsoft Visual Studio Solution File, Format Version 12.00
# Visual Studio Version 16
VisualStudioVersion = 16.0.31402.337
MinimumVisualStudioVersion = 10.0.40219.1
Project("{FAE04EC0-301F-11D3-BF4B-00C04F79EFBC}") = "WindowsFormsApp1", "WindowsFormsApp1.csproj", "{00127A25-AB5F-4ADE-B310-E7792C40378B}"
EndProject
Global
	GlobalSection(SolutionConfigurationPlatforms) = preSolution
		Debug|Any CPU = Debug|Any CPU
		Release|Any CPU = Release|Any CPU
	EndGlobalSection
	GlobalSection(ProjectConfigurationPlatforms) = postSolution
		{00127A25-AB5F-4ADE-B310-E7792C40378B}.Debug|Any CPU.ActiveCfg = Debug|Any CPU
		{00127A25-AB5F-4ADE-B310-E7792C40378B}.Debug|Any CPU.Build.0 = Debug|Any CPU
		{00127A25-AB5F-4ADE-B310-E7792C40378B}.Release|Any CPU.ActiveCfg = Release|Any CPU
		{00127A25-AB5F-4ADE-B310-E7792C40378B}.Release|Any CPU.Build.0 = Release|Any CPU
	EndGlobalSection
	GlobalSection(SolutionProperties) = preSolution
		HideSolutionNode = FALSE
	EndGlobalSection
	GlobalSection(ExtensibilityGlobals) = postSolution
		SolutionGuid = {AE6E28E5-B5AD-4287-B9D6-15A893C6F51B}
	EndGlobalSection
EndGlobal
