
Microsoft Visual Studio Solution File, Format Version 12.00
# Visual Studio Version 16
VisualStudioVersion = 16.0.31105.61
MinimumVisualStudioVersion = 10.0.40219.1
Project("{FAE04EC0-301F-11D3-BF4B-00C04F79EFBC}") = "listSone", "listSone\listSone.csproj", "{C661D978-DBEE-4C6B-9DF2-7AAC6F367660}"
EndProject
Global
	GlobalSection(SolutionConfigurationPlatforms) = preSolution
		Debug|Any CPU = Debug|Any CPU
		Release|Any CPU = Release|Any CPU
	EndGlobalSection
	GlobalSection(ProjectConfigurationPlatforms) = postSolution
		{C661D978-DBEE-4C6B-9DF2-7AAC6F367660}.Debug|Any CPU.ActiveCfg = Debug|Any CPU
		{C661D978-DBEE-4C6B-9DF2-7AAC6F367660}.Debug|Any CPU.Build.0 = Debug|Any CPU
		{C661D978-DBEE-4C6B-9DF2-7AAC6F367660}.Release|Any CPU.ActiveCfg = Release|Any CPU
		{C661D978-DBEE-4C6B-9DF2-7AAC6F367660}.Release|Any CPU.Build.0 = Release|Any CPU
	EndGlobalSection
	GlobalSection(SolutionProperties) = preSolution
		HideSolutionNode = FALSE
	EndGlobalSection
	GlobalSection(ExtensibilityGlobals) = postSolution
		SolutionGuid = {D1456E28-9928-4D5E-B6A2-6D2B88E75A53}
	EndGlobalSection
EndGlobal
