
Microsoft Visual Studio Solution File, Format Version 12.00
# Visual Studio Version 16
VisualStudioVersion = 16.0.31402.337
MinimumVisualStudioVersion = 10.0.40219.1
Project("{FAE04EC0-301F-11D3-BF4B-00C04F79EFBC}") = "udclasses2", "udclasses2.csproj", "{452F610C-5BBC-4AC7-A643-96D2AE56B0AA}"
EndProject
Global
	GlobalSection(SolutionConfigurationPlatforms) = preSolution
		Debug|Any CPU = Debug|Any CPU
		Release|Any CPU = Release|Any CPU
	EndGlobalSection
	GlobalSection(ProjectConfigurationPlatforms) = postSolution
		{452F610C-5BBC-4AC7-A643-96D2AE56B0AA}.Debug|Any CPU.ActiveCfg = Debug|Any CPU
		{452F610C-5BBC-4AC7-A643-96D2AE56B0AA}.Debug|Any CPU.Build.0 = Debug|Any CPU
		{452F610C-5BBC-4AC7-A643-96D2AE56B0AA}.Release|Any CPU.ActiveCfg = Release|Any CPU
		{452F610C-5BBC-4AC7-A643-96D2AE56B0AA}.Release|Any CPU.Build.0 = Release|Any CPU
	EndGlobalSection
	GlobalSection(SolutionProperties) = preSolution
		HideSolutionNode = FALSE
	EndGlobalSection
	GlobalSection(ExtensibilityGlobals) = postSolution
		SolutionGuid = {282808AA-04A8-4869-A746-7C01A3A800FE}
	EndGlobalSection
EndGlobal
