
Microsoft Visual Studio Solution File, Format Version 12.00
# Visual Studio Version 16
VisualStudioVersion = 16.0.31105.61
MinimumVisualStudioVersion = 10.0.40219.1
Project("{FAE04EC0-301F-11D3-BF4B-00C04F79EFBC}") = "templ1", "templ1\templ1.csproj", "{E027616A-0DD2-4B51-BDB2-CD09A920E185}"
EndProject
Global
	GlobalSection(SolutionConfigurationPlatforms) = preSolution
		Debug|Any CPU = Debug|Any CPU
		Release|Any CPU = Release|Any CPU
	EndGlobalSection
	GlobalSection(ProjectConfigurationPlatforms) = postSolution
		{E027616A-0DD2-4B51-BDB2-CD09A920E185}.Debug|Any CPU.ActiveCfg = Debug|Any CPU
		{E027616A-0DD2-4B51-BDB2-CD09A920E185}.Debug|Any CPU.Build.0 = Debug|Any CPU
		{E027616A-0DD2-4B51-BDB2-CD09A920E185}.Release|Any CPU.ActiveCfg = Release|Any CPU
		{E027616A-0DD2-4B51-BDB2-CD09A920E185}.Release|Any CPU.Build.0 = Release|Any CPU
	EndGlobalSection
	GlobalSection(SolutionProperties) = preSolution
		HideSolutionNode = FALSE
	EndGlobalSection
	GlobalSection(ExtensibilityGlobals) = postSolution
		SolutionGuid = {755BCE36-96B1-4ACE-B74B-405D477AB470}
	EndGlobalSection
EndGlobal
